// !$*UTF8*$!
{
	archiveVersion = 1;
	classes = {
	};
	objectVersion = 46;
	objects = {

/* Begin PBXBuildFile section */
		75EDB9901DCCD29100021B13 /* AppDelegate.swift in Sources */ = {isa = PBXBuildFile; fileRef = 75EDB98F1DCCD29100021B13 /* AppDelegate.swift */; };
		75EDB9921DCCD29100021B13 /* ViewController.swift in Sources */ = {isa = PBXBuildFile; fileRef = 75EDB9911DCCD29100021B13 /* ViewController.swift */; };
		75EDB9951DCCD29100021B13 /* Main.storyboard in Resources */ = {isa = PBXBuildFile; fileRef = 75EDB9931DCCD29100021B13 /* Main.storyboard */; };
		75EDB9971DCCD29100021B13 /* Assets.xcassets in Resources */ = {isa = PBXBuildFile; fileRef = 75EDB9961DCCD29100021B13 /* Assets.xcassets */; };
		75EDB99A1DCCD29100021B13 /* LaunchScreen.storyboard in Resources */ = {isa = PBXBuildFile; fileRef = 75EDB9981DCCD29100021B13 /* LaunchScreen.storyboard */; };
/* End PBXBuildFile section */

/* Begin PBXFileReference section */
		75EDB98C1DCCD29100021B13 /* inFlix.app */ = {isa = PBXFileReference; explicitFileType = wrapper.application; includeInIndex = 0; path = inFlix.app; sourceTree = BUILT_PRODUCTS_DIR; };
		75EDB98F1DCCD29100021B13 /* AppDelegate.swift */ = {isa = PBXFileReference; lastKnownFileType = sourcecode.swift; path = AppDelegate.swift; sourceTree = "<group>"; };
		75EDB9911DCCD29100021B13 /* ViewController.swift */ = {isa = PBXFileReference; lastKnownFileType = sourcecode.swift; path = ViewController.swift; sourceTree = "<group>"; };
		75EDB9941DCCD29100021B13 /* Base */ = {isa = PBXFileReference; lastKnownFileType = file.storyboard; name = Base; path = Base.lproj/Main.storyboard; sourceTree = "<group>"; };
		75EDB9961DCCD29100021B13 /* Assets.xcassets */ = {isa = PBXFileReference; lastKnownFileType = folder.assetcatalog; path = Assets.xcassets; sourceTree = "<group>"; };
		75EDB9991DCCD29100021B13 /* Base */ = {isa = PBXFileReference; lastKnownFileType = file.storyboard; name = Base; path = Base.lproj/LaunchScreen.storyboard; sourceTree = "<group>"; };
		75EDB99B1DCCD29100021B13 /* Info.plist */ = {isa = PBXFileReference; lastKnownFileType = text.plist.xml; path = Info.plist; sourceTree = "<group>"; };
/* End PBXFileReference section */

/* Begin PBXFrameworksBuildPhase section */
		75EDB9891DCCD29000021B13 /* Frameworks */ = {
			isa = PBXFrameworksBuildPhase;
			buildActionMask = 2147483647;
			files = (
			);
			runOnlyForDeploymentPostprocessing = 0;
		};
/* End PBXFrameworksBuildPhase section */

/* Begin PBXGroup section */
		75EDB9831DCCD29000021B13 = {
			isa = PBXGroup;
			children = (
				75EDB98E1DCCD29100021B13 /* inFlix */,
				75EDB98D1DCCD29100021B13 /* Products */,
			);
			sourceTree = "<group>";
		};
		75EDB98D1DCCD29100021B13 /* Products */ = {
			isa = PBXGroup;
			children = (
				75EDB98C1DCCD29100021B13 /* inFlix.app */,
			);
			name = Products;
			sourceTree = "<group>";
		};
		75EDB98E1DCCD29100021B13 /* inFlix */ = {
			isa = PBXGroup;
			children = (
				75EDB98F1DCCD29100021B13 /* AppDelegate.swift */,
				75EDB9911DCCD29100021B13 /* ViewController.swift */,
				75EDB9931DCCD29100021B13 /* Main.storyboard */,
				75EDB9961DCCD29100021B13 /* Assets.xcassets */,
				75EDB9981DCCD29100021B13 /* LaunchScreen.storyboard */,
				75EDB99B1DCCD29100021B13 /* Info.plist */,
			);
			path = inFlix;
			sourceTree = "<group>";
		};
/* End PBXGroup section */

/* Begin PBXNativeTarget section */
		75EDB98B1DCCD29000021B13 /* inFlix */ = {
			isa = PBXNativeTarget;
			buildConfigurationList = 75EDB99E1DCCD29100021B13 /* Build configuration list for PBXNativeTarget "inFlix" */;
			buildPhases = (
				75EDB9881DCCD29000021B13 /* Sources */,
				75EDB9891DCCD29000021B13 /* Frameworks */,
				75EDB98A1DCCD29000021B13 /* Resources */,
			);
			buildRules = (
			);
			dependencies = (
			);
			name = inFlix;
			productName = inFlix;
			productReference = 75EDB98C1DCCD29100021B13 /* inFlix.app */;
			productType = "com.apple.product-type.application";
		};
/* End PBXNativeTarget section */

/* Begin PBXProject section */
		75EDB9841DCCD29000021B13 /* Project object */ = {
			isa = PBXProject;
			attributes = {
				LastSwiftUpdateCheck = 0800;
				LastUpgradeCheck = 0800;
				ORGANIZATIONNAME = "Franco Tume";
				TargetAttributes = {
					75EDB98B1DCCD29000021B13 = {
						CreatedOnToolsVersion = 8.0;
						DevelopmentTeam = KL955RL3SL;
						ProvisioningStyle = Automatic;
					};
				};
			};
			buildConfigurationList = 75EDB9871DCCD29000021B13 /* Build configuration list for PBXProject "inFlix" */;
			compatibilityVersion = "Xcode 3.2";
			developmentRegion = English;
			hasScannedForEncodings = 0;
			knownRegions = (
				en,
				Base,
			);
			mainGroup = 75EDB9831DCCD29000021B13;
			productRefGroup = 75EDB98D1DCCD29100021B13 /* Products */;
			projectDirPath = "";
			projectRoot = "";
			targets = (
				75EDB98B1DCCD29000021B13 /* inFlix */,
			);
		};
/* End PBXProject section */

/* Begin PBXResourcesBuildPhase section */
		75EDB98A1DCCD29000021B13 /* Resources */ = {
			isa = PBXResourcesBuildPhase;
			buildActionMask = 2147483647;
			files = (
				75EDB99A1DCCD29100021B13 /* LaunchScreen.storyboard in Resources */,
				75EDB9971DCCD29100021B13 /* Assets.xcassets in Resources */,
				75EDB9951DCCD29100021B13 /* Main.storyboard in Resources */,
			);
			runOnlyForDeploymentPostprocessing = 0;
		};
/* End PBXResourcesBuildPhase section */

/* Begin PBXSourcesBuildPhase section */
		75EDB9881DCCD29000021B13 /* Sources */ = {
			isa = PBXSourcesBuildPhase;
			buildActionMask = 2147483647;
			files = (
				75EDB9921DCCD29100021B13 /* ViewController.swift in Sources */,
				75EDB9901DCCD29100021B13 /* AppDelegate.swift in Sources */,
			);
			runOnlyForDeploymentPostprocessing = 0;
		};
/* End PBXSourcesBuildPhase section */

/* Begin PBXVariantGroup section */
		75EDB9931DCCD29100021B13 /* Main.storyboard */ = {
			isa = PBXVariantGroup;
			children = (
				75EDB9941DCCD29100021B13 /* Base */,
			);
			name = Main.storyboard;
			sourceTree = "<group>";
		};
		75EDB9981DCCD29100021B13 /* LaunchScreen.storyboard */ = {
			isa = PBXVariantGroup;
			children = (
				75EDB9991DCCD29100021B13 /* Base */,
			);
			name = LaunchScreen.storyboard;
			sourceTree = "<group>";
		};
/* End PBXVariantGroup section */

/* Begin XCBuildConfiguration section */
		75EDB99C1DCCD29100021B13 /* Debug */ = {
			isa = XCBuildConfiguration;
			buildSettings = {
				ALWAYS_SEARCH_USER_PATHS = NO;
				CLANG_ANALYZER_NONNULL = YES;
				CLANG_CXX_LANGUAGE_STANDARD = "gnu++0x";
				CLANG_CXX_LIBRARY = "libc++";
				CLANG_ENABLE_MODULES = YES;
				CLANG_ENABLE_OBJC_ARC = YES;
				CLANG_WARN_BOOL_CONVERSION = YES;
				CLANG_WARN_CONSTANT_CONVERSION = YES;
				CLANG_WARN_DIRECT_OBJC_ISA_USAGE = YES_ERROR;
				CLANG_WARN_DOCUMENTATION_COMMENTS = YES;
				CLANG_WARN_EMPTY_BODY = YES;
				CLANG_WARN_ENUM_CONVERSION = YES;
				CLANG_WARN_INFINITE_RECURSION = YES;
				CLANG_WARN_INT_CONVERSION = YES;
				CLANG_WARN_OBJC_ROOT_CLASS = YES_ERROR;
				CLANG_WARN_SUSPICIOUS_MOVES = YES;
				CLANG_WARN_UNREACHABLE_CODE = YES;
				CLANG_WARN__DUPLICATE_METHOD_MATCH = YES;
				"CODE_SIGN_IDENTITY[sdk=iphoneos*]" = "iPhone Developer";
				COPY_PHASE_STRIP = NO;
				DEBUG_INFORMATION_FORMAT = dwarf;
				ENABLE_STRICT_OBJC_MSGSEND = YES;
				ENABLE_TESTABILITY = YES;
				GCC_C_LANGUAGE_STANDARD = gnu99;
				GCC_DYNAMIC_NO_PIC = NO;
				GCC_NO_COMMON_BLOCKS = YES;
				GCC_OPTIMIZATION_LEVEL = 0;
				GCC_PREPROCESSOR_DEFINITIONS = (
					"DEBUG=1",
					"$(inherited)",
				);
				GCC_WARN_64_TO_32_BIT_CONVERSION = YES;
				GCC_WARN_ABOUT_RETURN_TYPE = YES_ERROR;
				GCC_WARN_UNDECLARED_SELECTOR = YES;
				GCC_WARN_UNINITIALIZED_AUTOS = YES_AGGRESSIVE;
				GCC_WARN_UNUSED_FUNCTION = YES;
				GCC_WARN_UNUSED_VARIABLE = YES;
				IPHONEOS_DEPLOYMENT_TARGET = 10.0;
				MTL_ENABLE_DEBUG_INFO = YES;
				ONLY_ACTIVE_ARCH = YES;
				SDKROOT = iphoneos;
				SWIFT_ACTIVE_COMPILATION_CONDITIONS = DEBUG;
				SWIFT_OPTIMIZATION_LEVEL = "-Onone";
				TARGETED_DEVICE_FAMILY = "1,2";
			};
			name = Debug;
		};
		75EDB99D1DCCD29100021B13 /* Release */ = {
			isa = XCBuildConfiguration;
			buildSettings = {
				ALWAYS_SEARCH_USER_PATHS = NO;
				CLANG_ANALYZER_NONNULL = YES;
				CLANG_CXX_LANGUAGE_STANDARD = "gnu++0x";
				CLANG_CXX_LIBRARY = "libc++";
				CLANG_ENABLE_MODULES = YES;
				CLANG_ENABLE_OBJC_ARC = YES;
				CLANG_WARN_BOOL_CONVERSION = YES;
				CLANG_WARN_CONSTANT_CONVERSION = YES;
				CLANG_WARN_DIRECT_OBJC_ISA_USAGE = YES_ERROR;
				CLANG_WARN_DOCUMENTATION_COMMENTS = YES;
				CLANG_WARN_EMPTY_BODY = YES;
				CLANG_WARN_ENUM_CONVERSION = YES;
				CLANG_WARN_INFINITE_RECURSION = YES;
				CLANG_WARN_INT_CONVERSION = YES;
				CLANG_WARN_OBJC_ROOT_CLASS = YES_ERROR;
				CLANG_WARN_SUSPICIOUS_MOVES = YES;
				CLANG_WARN_UNREACHABLE_CODE = YES;
				CLANG_WARN__DUPLICATE_METHOD_MATCH = YES;
				"CODE_SIGN_IDENTITY[sdk=iphoneos*]" = "iPhone Developer";
				COPY_PHASE_STRIP = NO;
				DEBUG_INFORMATION_FORMAT = "dwarf-with-dsym";
				ENABLE_NS_ASSERTIONS = NO;
				ENABLE_STRICT_OBJC_MSGSEND = YES;
				GCC_C_LANGUAGE_STANDARD = gnu99;
				GCC_NO_COMMON_BLOCKS = YES;
				GCC_WARN_64_TO_32_BIT_CONVERSION = YES;
				GCC_WARN_ABOUT_RETURN_TYPE = YES_ERROR;
				GCC_WARN_UNDECLARED_SELECTOR = YES;
				GCC_WARN_UNINITIALIZED_AUTOS = YES_AGGRESSIVE;
				GCC_WARN_UNUSED_FUNCTION = YES;
				GCC_WARN_UNUSED_VARIABLE = YES;
				IPHONEOS_DEPLOYMENT_TARGET = 10.0;
				MTL_ENABLE_DEBUG_INFO = NO;
				SDKROOT = iphoneos;
				SWIFT_OPTIMIZATION_LEVEL = "-Owholemodule";
				TARGETED_DEVICE_FAMILY = "1,2";
				VALIDATE_PRODUCT = YES;
			};
			name = Release;
		};
		75EDB99F1DCCD29100021B13 /* Debug */ = {
			isa = XCBuildConfiguration;
			buildSettings = {
				ASSETCATALOG_COMPILER_APPICON_NAME = AppIcon;
				DEVELOPMENT_TEAM = KL955RL3SL;
				INFOPLIST_FILE = inFlix/Info.plist;
				LD_RUNPATH_SEARCH_PATHS = "$(inherited) @executable_path/Frameworks";
				PRODUCT_BUNDLE_IDENTIFIER = com.tektonlabs.inFlix;
				PRODUCT_NAME = "$(TARGET_NAME)";
				SWIFT_VERSION = 3.0;
			};
			name = Debug;
		};
		75EDB9A01DCCD29100021B13 /* Release */ = {
			isa = XCBuildConfiguration;
			buildSettings = {
				ASSETCATALOG_COMPILER_APPICON_NAME = AppIcon;
				DEVELOPMENT_TEAM = KL955RL3SL;
				INFOPLIST_FILE = inFlix/Info.plist;
				LD_RUNPATH_SEARCH_PATHS = "$(inherited) @executable_path/Frameworks";
				PRODUCT_BUNDLE_IDENTIFIER = com.tektonlabs.inFlix;
				PRODUCT_NAME = "$(TARGET_NAME)";
				SWIFT_VERSION = 3.0;
			};
			name = Release;
		};
/* End XCBuildConfiguration section */

/* Begin XCConfigurationList section */
		75EDB9871DCCD29000021B13 /* Build configuration list for PBXProject "inFlix" */ = {
			isa = XCConfigurationList;
			buildConfigurations = (
				75EDB99C1DCCD29100021B13 /* Debug */,
				75EDB99D1DCCD29100021B13 /* Release */,
			);
			defaultConfigurationIsVisible = 0;
			defaultConfigurationName = Release;
		};
		75EDB99E1DCCD29100021B13 /* Build configuration list for PBXNativeTarget "inFlix" */ = {
			isa = XCConfigurationList;
			buildConfigurations = (
				75EDB99F1DCCD29100021B13 /* Debug */,
				75EDB9A01DCCD29100021B13 /* Release */,
			);
			defaultConfigurationIsVisible = 0;
		};
/* End XCConfigurationList section */
	};
	rootObject = 75EDB9841DCCD29000021B13 /* Project object */;
}
